
Microsoft Visual Studio Solution File, Format Version 12.00
# Visual Studio 15
VisualStudioVersion = 15.0.28307.271
MinimumVisualStudioVersion = 10.0.40219.1
Project("{FAE04EC0-301F-11D3-BF4B-00C04F79EFBC}") = "TestIdentity", "TestIdentity\TestIdentity.csproj", "{F33CFCAF-2182-4FBC-AB36-09A359B26B89}"
EndProject
Global
	GlobalSection(SolutionConfigurationPlatforms) = preSolution
		Debug|Any CPU = Debug|Any CPU
		Release|Any CPU = Release|Any CPU
	EndGlobalSection
	GlobalSection(ProjectConfigurationPlatforms) = postSolution
		{F33CFCAF-2182-4FBC-AB36-09A359B26B89}.Debug|Any CPU.ActiveCfg = Debug|Any CPU
		{F33CFCAF-2182-4FBC-AB36-09A359B26B89}.Debug|Any CPU.Build.0 = Debug|Any CPU
		{F33CFCAF-2182-4FBC-AB36-09A359B26B89}.Release|Any CPU.ActiveCfg = Release|Any CPU
		{F33CFCAF-2182-4FBC-AB36-09A359B26B89}.Release|Any CPU.Build.0 = Release|Any CPU
	EndGlobalSection
	GlobalSection(SolutionProperties) = preSolution
		HideSolutionNode = FALSE
	EndGlobalSection
	GlobalSection(ExtensibilityGlobals) = postSolution
		SolutionGuid = {73CB1D6E-69DD-45BF-BCC9-285BA65F2B88}
	EndGlobalSection
EndGlobal
